
Microsoft Visual Studio Solution File, Format Version 12.00
# Visual Studio Version 16
VisualStudioVersion = 16.0.31402.337
MinimumVisualStudioVersion = 10.0.40219.1
Project("{FAE04EC0-301F-11D3-BF4B-00C04F79EFBC}") = "EgyptAir S22 - Group A", "EgyptAir S22 - Group A\EgyptAir S22 - Group A.csproj", "{CCBEC8DB-F322-4691-9351-3BFBF653B0A5}"
EndProject
Project("{FAE04EC0-301F-11D3-BF4B-00C04F79EFBC}") = "EgyptAir S22 - Group B", "EgyptAir S22 - Group B\EgyptAir S22 - Group B.csproj", "{96714DEC-C28D-4406-9456-CCCC9A3246FA}"
EndProject
Global
	GlobalSection(SolutionConfigurationPlatforms) = preSolution
		Debug|Any CPU = Debug|Any CPU
		Release|Any CPU = Release|Any CPU
	EndGlobalSection
	GlobalSection(ProjectConfigurationPlatforms) = postSolution
		{CCBEC8DB-F322-4691-9351-3BFBF653B0A5}.Debug|Any CPU.ActiveCfg = Debug|Any CPU
		{CCBEC8DB-F322-4691-9351-3BFBF653B0A5}.Debug|Any CPU.Build.0 = Debug|Any CPU
		{CCBEC8DB-F322-4691-9351-3BFBF653B0A5}.Release|Any CPU.ActiveCfg = Release|Any CPU
		{CCBEC8DB-F322-4691-9351-3BFBF653B0A5}.Release|Any CPU.Build.0 = Release|Any CPU
		{96714DEC-C28D-4406-9456-CCCC9A3246FA}.Debug|Any CPU.ActiveCfg = Debug|Any CPU
		{96714DEC-C28D-4406-9456-CCCC9A3246FA}.Debug|Any CPU.Build.0 = Debug|Any CPU
		{96714DEC-C28D-4406-9456-CCCC9A3246FA}.Release|Any CPU.ActiveCfg = Release|Any CPU
		{96714DEC-C28D-4406-9456-CCCC9A3246FA}.Release|Any CPU.Build.0 = Release|Any CPU
	EndGlobalSection
	GlobalSection(SolutionProperties) = preSolution
		HideSolutionNode = FALSE
	EndGlobalSection
	GlobalSection(ExtensibilityGlobals) = postSolution
		SolutionGuid = {3E135CA7-EBAD-42AA-9BF5-B2F4FD6A76C5}
	EndGlobalSection
EndGlobal
